
Microsoft Visual Studio Solution File, Format Version 12.00
# Visual Studio 15
VisualStudioVersion = 15.0.28010.2046
MinimumVisualStudioVersion = 10.0.40219.1
Project("{F184B08F-C81C-45F6-A57F-5ABD9991F28F}") = "FotoTeR", "FotoTeR\FotoTeR.vbproj", "{0AD0A2B0-944A-4E7E-A45E-9DA95FBFB97E}"
EndProject
Project("{54435603-DBB4-11D2-8724-00A0C9A8B90C}") = "Setup", "Setup\Setup.vdproj", "{58E87F20-3AB9-4561-A383-2231364DBDB1}"
EndProject
Global
	GlobalSection(SolutionConfigurationPlatforms) = preSolution
		Debug|x64 = Debug|x64
		Debug|x86 = Debug|x86
		Release|x64 = Release|x64
		Release|x86 = Release|x86
	EndGlobalSection
	GlobalSection(ProjectConfigurationPlatforms) = postSolution
		{0AD0A2B0-944A-4E7E-A45E-9DA95FBFB97E}.Debug|x64.ActiveCfg = Debug|x64
		{0AD0A2B0-944A-4E7E-A45E-9DA95FBFB97E}.Debug|x64.Build.0 = Debug|x64
		{0AD0A2B0-944A-4E7E-A45E-9DA95FBFB97E}.Debug|x86.ActiveCfg = Debug|x86
		{0AD0A2B0-944A-4E7E-A45E-9DA95FBFB97E}.Debug|x86.Build.0 = Debug|x86
		{0AD0A2B0-944A-4E7E-A45E-9DA95FBFB97E}.Release|x64.ActiveCfg = Release|x64
		{0AD0A2B0-944A-4E7E-A45E-9DA95FBFB97E}.Release|x64.Build.0 = Release|x64
		{0AD0A2B0-944A-4E7E-A45E-9DA95FBFB97E}.Release|x86.ActiveCfg = Release|x86
		{0AD0A2B0-944A-4E7E-A45E-9DA95FBFB97E}.Release|x86.Build.0 = Release|x86
		{58E87F20-3AB9-4561-A383-2231364DBDB1}.Debug|x64.ActiveCfg = Debug
		{58E87F20-3AB9-4561-A383-2231364DBDB1}.Debug|x64.Build.0 = Debug
		{58E87F20-3AB9-4561-A383-2231364DBDB1}.Debug|x86.ActiveCfg = Debug
		{58E87F20-3AB9-4561-A383-2231364DBDB1}.Release|x64.ActiveCfg = Release
		{58E87F20-3AB9-4561-A383-2231364DBDB1}.Release|x64.Build.0 = Release
		{58E87F20-3AB9-4561-A383-2231364DBDB1}.Release|x86.ActiveCfg = Release
		{58E87F20-3AB9-4561-A383-2231364DBDB1}.Release|x86.Build.0 = Release
	EndGlobalSection
	GlobalSection(SolutionProperties) = preSolution
		HideSolutionNode = FALSE
	EndGlobalSection
	GlobalSection(ExtensibilityGlobals) = postSolution
		SolutionGuid = {1FA92FCC-D478-482A-B237-5F09670EE4B0}
	EndGlobalSection
EndGlobal
