
Microsoft Visual Studio Solution File, Format Version 12.00
# Visual Studio 15
VisualStudioVersion = 15.0.28010.2046
MinimumVisualStudioVersion = 10.0.40219.1
Project("{FAE04EC0-301F-11D3-BF4B-00C04F79EFBC}") = "FotoTeR", "FotoTeR\FotoTeR.csproj", "{1473A05A-6572-438E-B371-A2F6400F7404}"
EndProject
Global
	GlobalSection(SolutionConfigurationPlatforms) = preSolution
		Debug|Any CPU = Debug|Any CPU
		Release|Any CPU = Release|Any CPU
	EndGlobalSection
	GlobalSection(ProjectConfigurationPlatforms) = postSolution
		{1473A05A-6572-438E-B371-A2F6400F7404}.Debug|Any CPU.ActiveCfg = Debug|Any CPU
		{1473A05A-6572-438E-B371-A2F6400F7404}.Debug|Any CPU.Build.0 = Debug|Any CPU
		{1473A05A-6572-438E-B371-A2F6400F7404}.Release|Any CPU.ActiveCfg = Release|Any CPU
		{1473A05A-6572-438E-B371-A2F6400F7404}.Release|Any CPU.Build.0 = Release|Any CPU
	EndGlobalSection
	GlobalSection(SolutionProperties) = preSolution
		HideSolutionNode = FALSE
	EndGlobalSection
	GlobalSection(ExtensibilityGlobals) = postSolution
		SolutionGuid = {EF846355-EAA6-40DC-B2D6-6AE11B6085C6}
	EndGlobalSection
EndGlobal
